
Microsoft Visual Studio Solution File, Format Version 12.00
# Visual Studio Version 16
VisualStudioVersion = 16.0.31410.357
MinimumVisualStudioVersion = 10.0.40219.1
Project("{9A19103F-16F7-4668-BE54-9A1E7A4F7556}") = "KafkaLens.Client", "KafkaLens\Client\KafkaLens.Client.csproj", "{92F65A9A-5794-4C6A-92C6-CD3BD16EC49D}"
EndProject
Project("{9A19103F-16F7-4668-BE54-9A1E7A4F7556}") = "KafkaLens.Shared", "KafkaLens\Shared\KafkaLens.Shared.csproj", "{45D875DA-E137-48E9-8BC7-E7B2A5281EB5}"
EndProject
Project("{9A19103F-16F7-4668-BE54-9A1E7A4F7556}") = "KafkaLens.Server", "KafkaLens\Server\KafkaLens.Server.csproj", "{BACE0EFE-5B39-4ADD-87E4-0C13337FCCA2}"
EndProject
Global
	GlobalSection(SolutionConfigurationPlatforms) = preSolution
		Debug|Any CPU = Debug|Any CPU
		Release|Any CPU = Release|Any CPU
	EndGlobalSection
	GlobalSection(ProjectConfigurationPlatforms) = postSolution
		{92F65A9A-5794-4C6A-92C6-CD3BD16EC49D}.Debug|Any CPU.ActiveCfg = Debug|Any CPU
		{92F65A9A-5794-4C6A-92C6-CD3BD16EC49D}.Debug|Any CPU.Build.0 = Debug|Any CPU
		{92F65A9A-5794-4C6A-92C6-CD3BD16EC49D}.Release|Any CPU.ActiveCfg = Release|Any CPU
		{92F65A9A-5794-4C6A-92C6-CD3BD16EC49D}.Release|Any CPU.Build.0 = Release|Any CPU
		{45D875DA-E137-48E9-8BC7-E7B2A5281EB5}.Debug|Any CPU.ActiveCfg = Debug|Any CPU
		{45D875DA-E137-48E9-8BC7-E7B2A5281EB5}.Debug|Any CPU.Build.0 = Debug|Any CPU
		{45D875DA-E137-48E9-8BC7-E7B2A5281EB5}.Release|Any CPU.ActiveCfg = Release|Any CPU
		{45D875DA-E137-48E9-8BC7-E7B2A5281EB5}.Release|Any CPU.Build.0 = Release|Any CPU
		{BACE0EFE-5B39-4ADD-87E4-0C13337FCCA2}.Debug|Any CPU.ActiveCfg = Debug|Any CPU
		{BACE0EFE-5B39-4ADD-87E4-0C13337FCCA2}.Debug|Any CPU.Build.0 = Debug|Any CPU
		{BACE0EFE-5B39-4ADD-87E4-0C13337FCCA2}.Release|Any CPU.ActiveCfg = Release|Any CPU
		{BACE0EFE-5B39-4ADD-87E4-0C13337FCCA2}.Release|Any CPU.Build.0 = Release|Any CPU
	EndGlobalSection
	GlobalSection(SolutionProperties) = preSolution
		HideSolutionNode = FALSE
	EndGlobalSection
	GlobalSection(ExtensibilityGlobals) = postSolution
		SolutionGuid = {9FF784B2-21AA-4A44-9397-180ACBB88A50}
	EndGlobalSection
EndGlobal
