
Microsoft Visual Studio Solution File, Format Version 12.00
# Visual Studio Version 17
VisualStudioVersion = 17.0.31919.166
MinimumVisualStudioVersion = 10.0.40219.1
Project("{2150E333-8FDC-42A3-9474-1A3956D46DE8}") = "Solution Items", "Solution Items", "{C57A5300-E6C7-42B0-8283-507FA59F76B9}"
	ProjectSection(SolutionItems) = preProject
		.editorconfig = .editorconfig
		TODO.txt = TODO.txt
	EndProjectSection
EndProject
Project("{9A19103F-16F7-4668-BE54-9A1E7A4F7556}") = "Shared", "Shared\Shared.csproj", "{92B753D4-2E7E-418F-B04E-AC6F020F1831}"
EndProject
Project("{9A19103F-16F7-4668-BE54-9A1E7A4F7556}") = "Core", "Core\Core.csproj", "{EFCBC087-276A-4E07-A7D5-E28893DD0571}"
EndProject
Project("{9A19103F-16F7-4668-BE54-9A1E7A4F7556}") = "Core.Tests", "Core.Tests\Core.Tests.csproj", "{3D13E0E1-D31B-43BF-9D84-F50A1EEA2B54}"
EndProject
Project("{9A19103F-16F7-4668-BE54-9A1E7A4F7556}") = "RestApi", "Rest\RestApi.csproj", "{992F55F1-A5C6-45CA-AB31-3C7B620EB771}"
EndProject
Project("{9A19103F-16F7-4668-BE54-9A1E7A4F7556}") = "Client", "Client\Client.csproj", "{4303F9AB-F8EA-4792-8AF8-0F3C6EC903C8}"
	ProjectSection(ProjectDependencies) = postProject
		{92B753D4-2E7E-418F-B04E-AC6F020F1831} = {92B753D4-2E7E-418F-B04E-AC6F020F1831}
	EndProjectSection
EndProject
Project("{9A19103F-16F7-4668-BE54-9A1E7A4F7556}") = "App", "App\App.csproj", "{552B7A84-A4F9-4C43-9362-48C8A3498D1A}"
EndProject
Project("{9A19103F-16F7-4668-BE54-9A1E7A4F7556}") = "ViewModels", "ViewModels\ViewModels.csproj", "{5E0C41B8-9637-4388-BFB6-476096309EAC}"
EndProject
Global
	GlobalSection(SolutionConfigurationPlatforms) = preSolution
		Debug|Any CPU = Debug|Any CPU
		Release|Any CPU = Release|Any CPU
	EndGlobalSection
	GlobalSection(ProjectConfigurationPlatforms) = postSolution
		{92B753D4-2E7E-418F-B04E-AC6F020F1831}.Debug|Any CPU.ActiveCfg = Debug|Any CPU
		{92B753D4-2E7E-418F-B04E-AC6F020F1831}.Debug|Any CPU.Build.0 = Debug|Any CPU
		{92B753D4-2E7E-418F-B04E-AC6F020F1831}.Release|Any CPU.ActiveCfg = Release|Any CPU
		{92B753D4-2E7E-418F-B04E-AC6F020F1831}.Release|Any CPU.Build.0 = Release|Any CPU
		{EFCBC087-276A-4E07-A7D5-E28893DD0571}.Debug|Any CPU.ActiveCfg = Debug|Any CPU
		{EFCBC087-276A-4E07-A7D5-E28893DD0571}.Debug|Any CPU.Build.0 = Debug|Any CPU
		{EFCBC087-276A-4E07-A7D5-E28893DD0571}.Release|Any CPU.ActiveCfg = Release|Any CPU
		{EFCBC087-276A-4E07-A7D5-E28893DD0571}.Release|Any CPU.Build.0 = Release|Any CPU
		{3D13E0E1-D31B-43BF-9D84-F50A1EEA2B54}.Debug|Any CPU.ActiveCfg = Debug|Any CPU
		{3D13E0E1-D31B-43BF-9D84-F50A1EEA2B54}.Debug|Any CPU.Build.0 = Debug|Any CPU
		{3D13E0E1-D31B-43BF-9D84-F50A1EEA2B54}.Release|Any CPU.ActiveCfg = Release|Any CPU
		{3D13E0E1-D31B-43BF-9D84-F50A1EEA2B54}.Release|Any CPU.Build.0 = Release|Any CPU
		{992F55F1-A5C6-45CA-AB31-3C7B620EB771}.Debug|Any CPU.ActiveCfg = Debug|Any CPU
		{992F55F1-A5C6-45CA-AB31-3C7B620EB771}.Debug|Any CPU.Build.0 = Debug|Any CPU
		{992F55F1-A5C6-45CA-AB31-3C7B620EB771}.Release|Any CPU.ActiveCfg = Release|Any CPU
		{992F55F1-A5C6-45CA-AB31-3C7B620EB771}.Release|Any CPU.Build.0 = Release|Any CPU
		{4303F9AB-F8EA-4792-8AF8-0F3C6EC903C8}.Debug|Any CPU.ActiveCfg = Debug|Any CPU
		{4303F9AB-F8EA-4792-8AF8-0F3C6EC903C8}.Debug|Any CPU.Build.0 = Debug|Any CPU
		{4303F9AB-F8EA-4792-8AF8-0F3C6EC903C8}.Release|Any CPU.ActiveCfg = Release|Any CPU
		{4303F9AB-F8EA-4792-8AF8-0F3C6EC903C8}.Release|Any CPU.Build.0 = Release|Any CPU
		{552B7A84-A4F9-4C43-9362-48C8A3498D1A}.Debug|Any CPU.ActiveCfg = Debug|Any CPU
		{552B7A84-A4F9-4C43-9362-48C8A3498D1A}.Debug|Any CPU.Build.0 = Debug|Any CPU
		{552B7A84-A4F9-4C43-9362-48C8A3498D1A}.Release|Any CPU.ActiveCfg = Release|Any CPU
		{552B7A84-A4F9-4C43-9362-48C8A3498D1A}.Release|Any CPU.Build.0 = Release|Any CPU
		{5E0C41B8-9637-4388-BFB6-476096309EAC}.Debug|Any CPU.ActiveCfg = Debug|Any CPU
		{5E0C41B8-9637-4388-BFB6-476096309EAC}.Debug|Any CPU.Build.0 = Debug|Any CPU
		{5E0C41B8-9637-4388-BFB6-476096309EAC}.Release|Any CPU.ActiveCfg = Release|Any CPU
		{5E0C41B8-9637-4388-BFB6-476096309EAC}.Release|Any CPU.Build.0 = Release|Any CPU
	EndGlobalSection
	GlobalSection(SolutionProperties) = preSolution
		HideSolutionNode = FALSE
	EndGlobalSection
	GlobalSection(ExtensibilityGlobals) = postSolution
		SolutionGuid = {9FF784B2-21AA-4A44-9397-180ACBB88A50}
	EndGlobalSection
EndGlobal
