
Microsoft Visual Studio Solution File, Format Version 12.00
# Visual Studio Version 17
VisualStudioVersion = 17.0.31919.166
MinimumVisualStudioVersion = 10.0.40219.1
Project("{2150E333-8FDC-42A3-9474-1A3956D46DE8}") = "Solution Items", "Solution Items", "{C57A5300-E6C7-42B0-8283-507FA59F76B9}"
	ProjectSection(SolutionItems) = preProject
		.editorconfig = .editorconfig
		TODO.txt = TODO.txt
	EndProjectSection
EndProject
Project("{9A19103F-16F7-4668-BE54-9A1E7A4F7556}") = "Shared", "Shared\Shared.csproj", "{92B753D4-2E7E-418F-B04E-AC6F020F1831}"
EndProject
Project("{9A19103F-16F7-4668-BE54-9A1E7A4F7556}") = "Core", "Core\Core.csproj", "{EFCBC087-276A-4E07-A7D5-E28893DD0571}"
EndProject
Project("{9A19103F-16F7-4668-BE54-9A1E7A4F7556}") = "Core.Tests", "Core.Tests\Core.Tests.csproj", "{3D13E0E1-D31B-43BF-9D84-F50A1EEA2B54}"
EndProject
Project("{9A19103F-16F7-4668-BE54-9A1E7A4F7556}") = "RestApi", "RestApi\RestApi.csproj", "{992F55F1-A5C6-45CA-AB31-3C7B620EB771}"
EndProject
Project("{9A19103F-16F7-4668-BE54-9A1E7A4F7556}") = "Client", "Client\Client.csproj", "{4303F9AB-F8EA-4792-8AF8-0F3C6EC903C8}"
	ProjectSection(ProjectDependencies) = postProject
		{92B753D4-2E7E-418F-B04E-AC6F020F1831} = {92B753D4-2E7E-418F-B04E-AC6F020F1831}
	EndProjectSection
EndProject
Project("{9A19103F-16F7-4668-BE54-9A1E7A4F7556}") = "App", "App\App.csproj", "{552B7A84-A4F9-4C43-9362-48C8A3498D1A}"
EndProject
Project("{9A19103F-16F7-4668-BE54-9A1E7A4F7556}") = "ViewModels", "ViewModels\ViewModels.csproj", "{5E0C41B8-9637-4388-BFB6-476096309EAC}"
EndProject
Project("{9A19103F-16F7-4668-BE54-9A1E7A4F7556}") = "GrpcApi", "GrpcApi\GrpcApi.csproj", "{91034CD9-DE37-4B12-BAE7-8C066660ADF2}"
EndProject
Project("{9A19103F-16F7-4668-BE54-9A1E7A4F7556}") = "LocalClient", "LocalClient\LocalClient.csproj", "{B244C4DB-3B38-435B-AB0E-29500701E97A}"
EndProject
Project("{FAE04EC0-301F-11D3-BF4B-00C04F79EFBC}") = "RestClient", "RestClient\RestClient.csproj", "{D1558631-4BBA-4ADE-9797-94ADC36AE13E}"
EndProject
Project("{9A19103F-16F7-4668-BE54-9A1E7A4F7556}") = "GrpcClient", "GrpcClient\GrpcClient.csproj", "{21DA1D0D-4FA3-4F92-8846-12701821582C}"
EndProject
Project("{D954291E-2A0B-460D-934E-DC6B0785DB48}") = "KafkaLens.UI", "KafkaLens.UI\KafkaLens.UI.shproj", "{6279C845-92F8-4333-AB99-3D213163593C}"
EndProject
Project("{9A19103F-16F7-4668-BE54-9A1E7A4F7556}") = "Avalo", "Avalo\Avalo\Avalo.csproj", "{DD92565B-B69C-4539-B5AA-F28462DFCD75}"
EndProject
Project("{9A19103F-16F7-4668-BE54-9A1E7A4F7556}") = "Avalo.Android", "Avalo\Avalo.Android\Avalo.Android.csproj", "{1E42E2CA-6617-4895-A134-1348B1D6D899}"
EndProject
Project("{9A19103F-16F7-4668-BE54-9A1E7A4F7556}") = "Avalo.Desktop", "Avalo\Avalo.Desktop\Avalo.Desktop.csproj", "{B04EF415-F8A4-4115-A424-E031D31A267A}"
EndProject
Project("{9A19103F-16F7-4668-BE54-9A1E7A4F7556}") = "Avalo.Browser", "Avalo\Avalo.Browser\Avalo.Browser.csproj", "{4036BA0C-D3B2-48FA-A3D2-1230136F3471}"
EndProject
Project("{FAE04EC0-301F-11D3-BF4B-00C04F79EFBC}") = "TaranaFormatters", "TaranaFormatters\TaranaFormatters.csproj", "{0D791991-8808-45CB-AD01-E36AE05B9008}"
EndProject
Project("{FAE04EC0-301F-11D3-BF4B-00C04F79EFBC}") = "Formatting", "Formatting\Formatting.csproj", "{705EE6D1-ADAE-418B-8BE4-964CB3EC2571}"
EndProject
Global
	GlobalSection(SolutionConfigurationPlatforms) = preSolution
		Debug|Any CPU = Debug|Any CPU
		Debug|arm64 = Debug|arm64
		Debug|x64 = Debug|x64
		Debug|x86 = Debug|x86
		Release|Any CPU = Release|Any CPU
		Release|arm64 = Release|arm64
		Release|x64 = Release|x64
		Release|x86 = Release|x86
	EndGlobalSection
	GlobalSection(ProjectConfigurationPlatforms) = postSolution
		{92B753D4-2E7E-418F-B04E-AC6F020F1831}.Debug|Any CPU.ActiveCfg = Debug|Any CPU
		{92B753D4-2E7E-418F-B04E-AC6F020F1831}.Debug|Any CPU.Build.0 = Debug|Any CPU
		{92B753D4-2E7E-418F-B04E-AC6F020F1831}.Debug|arm64.ActiveCfg = Debug|Any CPU
		{92B753D4-2E7E-418F-B04E-AC6F020F1831}.Debug|arm64.Build.0 = Debug|Any CPU
		{92B753D4-2E7E-418F-B04E-AC6F020F1831}.Debug|x64.ActiveCfg = Debug|Any CPU
		{92B753D4-2E7E-418F-B04E-AC6F020F1831}.Debug|x64.Build.0 = Debug|Any CPU
		{92B753D4-2E7E-418F-B04E-AC6F020F1831}.Debug|x86.ActiveCfg = Debug|Any CPU
		{92B753D4-2E7E-418F-B04E-AC6F020F1831}.Debug|x86.Build.0 = Debug|Any CPU
		{92B753D4-2E7E-418F-B04E-AC6F020F1831}.Release|Any CPU.ActiveCfg = Release|Any CPU
		{92B753D4-2E7E-418F-B04E-AC6F020F1831}.Release|Any CPU.Build.0 = Release|Any CPU
		{92B753D4-2E7E-418F-B04E-AC6F020F1831}.Release|arm64.ActiveCfg = Release|Any CPU
		{92B753D4-2E7E-418F-B04E-AC6F020F1831}.Release|arm64.Build.0 = Release|Any CPU
		{92B753D4-2E7E-418F-B04E-AC6F020F1831}.Release|x64.ActiveCfg = Release|Any CPU
		{92B753D4-2E7E-418F-B04E-AC6F020F1831}.Release|x64.Build.0 = Release|Any CPU
		{92B753D4-2E7E-418F-B04E-AC6F020F1831}.Release|x86.ActiveCfg = Release|Any CPU
		{92B753D4-2E7E-418F-B04E-AC6F020F1831}.Release|x86.Build.0 = Release|Any CPU
		{EFCBC087-276A-4E07-A7D5-E28893DD0571}.Debug|Any CPU.ActiveCfg = Debug|Any CPU
		{EFCBC087-276A-4E07-A7D5-E28893DD0571}.Debug|Any CPU.Build.0 = Debug|Any CPU
		{EFCBC087-276A-4E07-A7D5-E28893DD0571}.Debug|arm64.ActiveCfg = Debug|Any CPU
		{EFCBC087-276A-4E07-A7D5-E28893DD0571}.Debug|arm64.Build.0 = Debug|Any CPU
		{EFCBC087-276A-4E07-A7D5-E28893DD0571}.Debug|x64.ActiveCfg = Debug|Any CPU
		{EFCBC087-276A-4E07-A7D5-E28893DD0571}.Debug|x64.Build.0 = Debug|Any CPU
		{EFCBC087-276A-4E07-A7D5-E28893DD0571}.Debug|x86.ActiveCfg = Debug|Any CPU
		{EFCBC087-276A-4E07-A7D5-E28893DD0571}.Debug|x86.Build.0 = Debug|Any CPU
		{EFCBC087-276A-4E07-A7D5-E28893DD0571}.Release|Any CPU.ActiveCfg = Release|Any CPU
		{EFCBC087-276A-4E07-A7D5-E28893DD0571}.Release|Any CPU.Build.0 = Release|Any CPU
		{EFCBC087-276A-4E07-A7D5-E28893DD0571}.Release|arm64.ActiveCfg = Release|Any CPU
		{EFCBC087-276A-4E07-A7D5-E28893DD0571}.Release|arm64.Build.0 = Release|Any CPU
		{EFCBC087-276A-4E07-A7D5-E28893DD0571}.Release|x64.ActiveCfg = Release|Any CPU
		{EFCBC087-276A-4E07-A7D5-E28893DD0571}.Release|x64.Build.0 = Release|Any CPU
		{EFCBC087-276A-4E07-A7D5-E28893DD0571}.Release|x86.ActiveCfg = Release|Any CPU
		{EFCBC087-276A-4E07-A7D5-E28893DD0571}.Release|x86.Build.0 = Release|Any CPU
		{3D13E0E1-D31B-43BF-9D84-F50A1EEA2B54}.Debug|Any CPU.ActiveCfg = Debug|Any CPU
		{3D13E0E1-D31B-43BF-9D84-F50A1EEA2B54}.Debug|Any CPU.Build.0 = Debug|Any CPU
		{3D13E0E1-D31B-43BF-9D84-F50A1EEA2B54}.Debug|arm64.ActiveCfg = Debug|Any CPU
		{3D13E0E1-D31B-43BF-9D84-F50A1EEA2B54}.Debug|x64.ActiveCfg = Debug|Any CPU
		{3D13E0E1-D31B-43BF-9D84-F50A1EEA2B54}.Debug|x86.ActiveCfg = Debug|Any CPU
		{3D13E0E1-D31B-43BF-9D84-F50A1EEA2B54}.Release|Any CPU.ActiveCfg = Release|Any CPU
		{3D13E0E1-D31B-43BF-9D84-F50A1EEA2B54}.Release|Any CPU.Build.0 = Release|Any CPU
		{3D13E0E1-D31B-43BF-9D84-F50A1EEA2B54}.Release|arm64.ActiveCfg = Release|Any CPU
		{3D13E0E1-D31B-43BF-9D84-F50A1EEA2B54}.Release|x64.ActiveCfg = Release|Any CPU
		{3D13E0E1-D31B-43BF-9D84-F50A1EEA2B54}.Release|x86.ActiveCfg = Release|Any CPU
		{992F55F1-A5C6-45CA-AB31-3C7B620EB771}.Debug|Any CPU.ActiveCfg = Debug|Any CPU
		{992F55F1-A5C6-45CA-AB31-3C7B620EB771}.Debug|Any CPU.Build.0 = Debug|Any CPU
		{992F55F1-A5C6-45CA-AB31-3C7B620EB771}.Debug|arm64.ActiveCfg = Debug|Any CPU
		{992F55F1-A5C6-45CA-AB31-3C7B620EB771}.Debug|arm64.Build.0 = Debug|Any CPU
		{992F55F1-A5C6-45CA-AB31-3C7B620EB771}.Debug|x64.ActiveCfg = Debug|Any CPU
		{992F55F1-A5C6-45CA-AB31-3C7B620EB771}.Debug|x64.Build.0 = Debug|Any CPU
		{992F55F1-A5C6-45CA-AB31-3C7B620EB771}.Debug|x86.ActiveCfg = Debug|Any CPU
		{992F55F1-A5C6-45CA-AB31-3C7B620EB771}.Debug|x86.Build.0 = Debug|Any CPU
		{992F55F1-A5C6-45CA-AB31-3C7B620EB771}.Release|Any CPU.ActiveCfg = Release|Any CPU
		{992F55F1-A5C6-45CA-AB31-3C7B620EB771}.Release|Any CPU.Build.0 = Release|Any CPU
		{992F55F1-A5C6-45CA-AB31-3C7B620EB771}.Release|arm64.ActiveCfg = Release|Any CPU
		{992F55F1-A5C6-45CA-AB31-3C7B620EB771}.Release|arm64.Build.0 = Release|Any CPU
		{992F55F1-A5C6-45CA-AB31-3C7B620EB771}.Release|x64.ActiveCfg = Release|Any CPU
		{992F55F1-A5C6-45CA-AB31-3C7B620EB771}.Release|x64.Build.0 = Release|Any CPU
		{992F55F1-A5C6-45CA-AB31-3C7B620EB771}.Release|x86.ActiveCfg = Release|Any CPU
		{992F55F1-A5C6-45CA-AB31-3C7B620EB771}.Release|x86.Build.0 = Release|Any CPU
		{4303F9AB-F8EA-4792-8AF8-0F3C6EC903C8}.Debug|Any CPU.ActiveCfg = Debug|Any CPU
		{4303F9AB-F8EA-4792-8AF8-0F3C6EC903C8}.Debug|Any CPU.Build.0 = Debug|Any CPU
		{4303F9AB-F8EA-4792-8AF8-0F3C6EC903C8}.Debug|arm64.ActiveCfg = Debug|Any CPU
		{4303F9AB-F8EA-4792-8AF8-0F3C6EC903C8}.Debug|x64.ActiveCfg = Debug|Any CPU
		{4303F9AB-F8EA-4792-8AF8-0F3C6EC903C8}.Debug|x86.ActiveCfg = Debug|Any CPU
		{4303F9AB-F8EA-4792-8AF8-0F3C6EC903C8}.Release|Any CPU.ActiveCfg = Release|Any CPU
		{4303F9AB-F8EA-4792-8AF8-0F3C6EC903C8}.Release|Any CPU.Build.0 = Release|Any CPU
		{4303F9AB-F8EA-4792-8AF8-0F3C6EC903C8}.Release|arm64.ActiveCfg = Release|Any CPU
		{4303F9AB-F8EA-4792-8AF8-0F3C6EC903C8}.Release|x64.ActiveCfg = Release|Any CPU
		{4303F9AB-F8EA-4792-8AF8-0F3C6EC903C8}.Release|x86.ActiveCfg = Release|Any CPU
		{552B7A84-A4F9-4C43-9362-48C8A3498D1A}.Debug|Any CPU.ActiveCfg = Debug|Any CPU
		{552B7A84-A4F9-4C43-9362-48C8A3498D1A}.Debug|Any CPU.Build.0 = Debug|Any CPU
		{552B7A84-A4F9-4C43-9362-48C8A3498D1A}.Debug|arm64.ActiveCfg = Debug|Any CPU
		{552B7A84-A4F9-4C43-9362-48C8A3498D1A}.Debug|arm64.Build.0 = Debug|Any CPU
		{552B7A84-A4F9-4C43-9362-48C8A3498D1A}.Debug|x64.ActiveCfg = Debug|Any CPU
		{552B7A84-A4F9-4C43-9362-48C8A3498D1A}.Debug|x64.Build.0 = Debug|Any CPU
		{552B7A84-A4F9-4C43-9362-48C8A3498D1A}.Debug|x86.ActiveCfg = Debug|Any CPU
		{552B7A84-A4F9-4C43-9362-48C8A3498D1A}.Debug|x86.Build.0 = Debug|Any CPU
		{552B7A84-A4F9-4C43-9362-48C8A3498D1A}.Release|Any CPU.ActiveCfg = Release|Any CPU
		{552B7A84-A4F9-4C43-9362-48C8A3498D1A}.Release|Any CPU.Build.0 = Release|Any CPU
		{552B7A84-A4F9-4C43-9362-48C8A3498D1A}.Release|arm64.ActiveCfg = Release|Any CPU
		{552B7A84-A4F9-4C43-9362-48C8A3498D1A}.Release|arm64.Build.0 = Release|Any CPU
		{552B7A84-A4F9-4C43-9362-48C8A3498D1A}.Release|x64.ActiveCfg = Release|Any CPU
		{552B7A84-A4F9-4C43-9362-48C8A3498D1A}.Release|x64.Build.0 = Release|Any CPU
		{552B7A84-A4F9-4C43-9362-48C8A3498D1A}.Release|x86.ActiveCfg = Release|Any CPU
		{552B7A84-A4F9-4C43-9362-48C8A3498D1A}.Release|x86.Build.0 = Release|Any CPU
		{5E0C41B8-9637-4388-BFB6-476096309EAC}.Debug|Any CPU.ActiveCfg = Debug|Any CPU
		{5E0C41B8-9637-4388-BFB6-476096309EAC}.Debug|Any CPU.Build.0 = Debug|Any CPU
		{5E0C41B8-9637-4388-BFB6-476096309EAC}.Debug|arm64.ActiveCfg = Debug|Any CPU
		{5E0C41B8-9637-4388-BFB6-476096309EAC}.Debug|arm64.Build.0 = Debug|Any CPU
		{5E0C41B8-9637-4388-BFB6-476096309EAC}.Debug|x64.ActiveCfg = Debug|Any CPU
		{5E0C41B8-9637-4388-BFB6-476096309EAC}.Debug|x64.Build.0 = Debug|Any CPU
		{5E0C41B8-9637-4388-BFB6-476096309EAC}.Debug|x86.ActiveCfg = Debug|Any CPU
		{5E0C41B8-9637-4388-BFB6-476096309EAC}.Debug|x86.Build.0 = Debug|Any CPU
		{5E0C41B8-9637-4388-BFB6-476096309EAC}.Release|Any CPU.ActiveCfg = Release|Any CPU
		{5E0C41B8-9637-4388-BFB6-476096309EAC}.Release|Any CPU.Build.0 = Release|Any CPU
		{5E0C41B8-9637-4388-BFB6-476096309EAC}.Release|arm64.ActiveCfg = Release|Any CPU
		{5E0C41B8-9637-4388-BFB6-476096309EAC}.Release|arm64.Build.0 = Release|Any CPU
		{5E0C41B8-9637-4388-BFB6-476096309EAC}.Release|x64.ActiveCfg = Release|Any CPU
		{5E0C41B8-9637-4388-BFB6-476096309EAC}.Release|x64.Build.0 = Release|Any CPU
		{5E0C41B8-9637-4388-BFB6-476096309EAC}.Release|x86.ActiveCfg = Release|Any CPU
		{5E0C41B8-9637-4388-BFB6-476096309EAC}.Release|x86.Build.0 = Release|Any CPU
		{91034CD9-DE37-4B12-BAE7-8C066660ADF2}.Debug|Any CPU.ActiveCfg = Debug|Any CPU
		{91034CD9-DE37-4B12-BAE7-8C066660ADF2}.Debug|Any CPU.Build.0 = Debug|Any CPU
		{91034CD9-DE37-4B12-BAE7-8C066660ADF2}.Debug|arm64.ActiveCfg = Debug|Any CPU
		{91034CD9-DE37-4B12-BAE7-8C066660ADF2}.Debug|arm64.Build.0 = Debug|Any CPU
		{91034CD9-DE37-4B12-BAE7-8C066660ADF2}.Debug|x64.ActiveCfg = Debug|Any CPU
		{91034CD9-DE37-4B12-BAE7-8C066660ADF2}.Debug|x64.Build.0 = Debug|Any CPU
		{91034CD9-DE37-4B12-BAE7-8C066660ADF2}.Debug|x86.ActiveCfg = Debug|Any CPU
		{91034CD9-DE37-4B12-BAE7-8C066660ADF2}.Debug|x86.Build.0 = Debug|Any CPU
		{91034CD9-DE37-4B12-BAE7-8C066660ADF2}.Release|Any CPU.ActiveCfg = Release|Any CPU
		{91034CD9-DE37-4B12-BAE7-8C066660ADF2}.Release|Any CPU.Build.0 = Release|Any CPU
		{91034CD9-DE37-4B12-BAE7-8C066660ADF2}.Release|arm64.ActiveCfg = Release|Any CPU
		{91034CD9-DE37-4B12-BAE7-8C066660ADF2}.Release|arm64.Build.0 = Release|Any CPU
		{91034CD9-DE37-4B12-BAE7-8C066660ADF2}.Release|x64.ActiveCfg = Release|Any CPU
		{91034CD9-DE37-4B12-BAE7-8C066660ADF2}.Release|x64.Build.0 = Release|Any CPU
		{91034CD9-DE37-4B12-BAE7-8C066660ADF2}.Release|x86.ActiveCfg = Release|Any CPU
		{91034CD9-DE37-4B12-BAE7-8C066660ADF2}.Release|x86.Build.0 = Release|Any CPU
		{B244C4DB-3B38-435B-AB0E-29500701E97A}.Debug|Any CPU.ActiveCfg = Debug|Any CPU
		{B244C4DB-3B38-435B-AB0E-29500701E97A}.Debug|Any CPU.Build.0 = Debug|Any CPU
		{B244C4DB-3B38-435B-AB0E-29500701E97A}.Debug|arm64.ActiveCfg = Debug|Any CPU
		{B244C4DB-3B38-435B-AB0E-29500701E97A}.Debug|arm64.Build.0 = Debug|Any CPU
		{B244C4DB-3B38-435B-AB0E-29500701E97A}.Debug|x64.ActiveCfg = Debug|Any CPU
		{B244C4DB-3B38-435B-AB0E-29500701E97A}.Debug|x64.Build.0 = Debug|Any CPU
		{B244C4DB-3B38-435B-AB0E-29500701E97A}.Debug|x86.ActiveCfg = Debug|Any CPU
		{B244C4DB-3B38-435B-AB0E-29500701E97A}.Debug|x86.Build.0 = Debug|Any CPU
		{B244C4DB-3B38-435B-AB0E-29500701E97A}.Release|Any CPU.ActiveCfg = Release|Any CPU
		{B244C4DB-3B38-435B-AB0E-29500701E97A}.Release|Any CPU.Build.0 = Release|Any CPU
		{B244C4DB-3B38-435B-AB0E-29500701E97A}.Release|arm64.ActiveCfg = Release|Any CPU
		{B244C4DB-3B38-435B-AB0E-29500701E97A}.Release|arm64.Build.0 = Release|Any CPU
		{B244C4DB-3B38-435B-AB0E-29500701E97A}.Release|x64.ActiveCfg = Release|Any CPU
		{B244C4DB-3B38-435B-AB0E-29500701E97A}.Release|x64.Build.0 = Release|Any CPU
		{B244C4DB-3B38-435B-AB0E-29500701E97A}.Release|x86.ActiveCfg = Release|Any CPU
		{B244C4DB-3B38-435B-AB0E-29500701E97A}.Release|x86.Build.0 = Release|Any CPU
		{D1558631-4BBA-4ADE-9797-94ADC36AE13E}.Debug|Any CPU.ActiveCfg = Debug|Any CPU
		{D1558631-4BBA-4ADE-9797-94ADC36AE13E}.Debug|Any CPU.Build.0 = Debug|Any CPU
		{D1558631-4BBA-4ADE-9797-94ADC36AE13E}.Debug|arm64.ActiveCfg = Debug|Any CPU
		{D1558631-4BBA-4ADE-9797-94ADC36AE13E}.Debug|x64.ActiveCfg = Debug|Any CPU
		{D1558631-4BBA-4ADE-9797-94ADC36AE13E}.Debug|x86.ActiveCfg = Debug|Any CPU
		{D1558631-4BBA-4ADE-9797-94ADC36AE13E}.Release|Any CPU.ActiveCfg = Release|Any CPU
		{D1558631-4BBA-4ADE-9797-94ADC36AE13E}.Release|Any CPU.Build.0 = Release|Any CPU
		{D1558631-4BBA-4ADE-9797-94ADC36AE13E}.Release|arm64.ActiveCfg = Release|Any CPU
		{D1558631-4BBA-4ADE-9797-94ADC36AE13E}.Release|x64.ActiveCfg = Release|Any CPU
		{D1558631-4BBA-4ADE-9797-94ADC36AE13E}.Release|x86.ActiveCfg = Release|Any CPU
		{21DA1D0D-4FA3-4F92-8846-12701821582C}.Debug|Any CPU.ActiveCfg = Debug|Any CPU
		{21DA1D0D-4FA3-4F92-8846-12701821582C}.Debug|Any CPU.Build.0 = Debug|Any CPU
		{21DA1D0D-4FA3-4F92-8846-12701821582C}.Debug|arm64.ActiveCfg = Debug|Any CPU
		{21DA1D0D-4FA3-4F92-8846-12701821582C}.Debug|arm64.Build.0 = Debug|Any CPU
		{21DA1D0D-4FA3-4F92-8846-12701821582C}.Debug|x64.ActiveCfg = Debug|Any CPU
		{21DA1D0D-4FA3-4F92-8846-12701821582C}.Debug|x64.Build.0 = Debug|Any CPU
		{21DA1D0D-4FA3-4F92-8846-12701821582C}.Debug|x86.ActiveCfg = Debug|Any CPU
		{21DA1D0D-4FA3-4F92-8846-12701821582C}.Debug|x86.Build.0 = Debug|Any CPU
		{21DA1D0D-4FA3-4F92-8846-12701821582C}.Release|Any CPU.ActiveCfg = Release|Any CPU
		{21DA1D0D-4FA3-4F92-8846-12701821582C}.Release|Any CPU.Build.0 = Release|Any CPU
		{21DA1D0D-4FA3-4F92-8846-12701821582C}.Release|arm64.ActiveCfg = Release|Any CPU
		{21DA1D0D-4FA3-4F92-8846-12701821582C}.Release|arm64.Build.0 = Release|Any CPU
		{21DA1D0D-4FA3-4F92-8846-12701821582C}.Release|x64.ActiveCfg = Release|Any CPU
		{21DA1D0D-4FA3-4F92-8846-12701821582C}.Release|x64.Build.0 = Release|Any CPU
		{21DA1D0D-4FA3-4F92-8846-12701821582C}.Release|x86.ActiveCfg = Release|Any CPU
		{21DA1D0D-4FA3-4F92-8846-12701821582C}.Release|x86.Build.0 = Release|Any CPU
		{DD92565B-B69C-4539-B5AA-F28462DFCD75}.Debug|Any CPU.ActiveCfg = Debug|Any CPU
		{DD92565B-B69C-4539-B5AA-F28462DFCD75}.Debug|Any CPU.Build.0 = Debug|Any CPU
		{DD92565B-B69C-4539-B5AA-F28462DFCD75}.Debug|arm64.ActiveCfg = Debug|Any CPU
		{DD92565B-B69C-4539-B5AA-F28462DFCD75}.Debug|arm64.Build.0 = Debug|Any CPU
		{DD92565B-B69C-4539-B5AA-F28462DFCD75}.Debug|x64.ActiveCfg = Debug|Any CPU
		{DD92565B-B69C-4539-B5AA-F28462DFCD75}.Debug|x64.Build.0 = Debug|Any CPU
		{DD92565B-B69C-4539-B5AA-F28462DFCD75}.Debug|x86.ActiveCfg = Debug|Any CPU
		{DD92565B-B69C-4539-B5AA-F28462DFCD75}.Debug|x86.Build.0 = Debug|Any CPU
		{DD92565B-B69C-4539-B5AA-F28462DFCD75}.Release|Any CPU.ActiveCfg = Release|Any CPU
		{DD92565B-B69C-4539-B5AA-F28462DFCD75}.Release|Any CPU.Build.0 = Release|Any CPU
		{DD92565B-B69C-4539-B5AA-F28462DFCD75}.Release|arm64.ActiveCfg = Release|Any CPU
		{DD92565B-B69C-4539-B5AA-F28462DFCD75}.Release|arm64.Build.0 = Release|Any CPU
		{DD92565B-B69C-4539-B5AA-F28462DFCD75}.Release|x64.ActiveCfg = Release|Any CPU
		{DD92565B-B69C-4539-B5AA-F28462DFCD75}.Release|x64.Build.0 = Release|Any CPU
		{DD92565B-B69C-4539-B5AA-F28462DFCD75}.Release|x86.ActiveCfg = Release|Any CPU
		{DD92565B-B69C-4539-B5AA-F28462DFCD75}.Release|x86.Build.0 = Release|Any CPU
		{1E42E2CA-6617-4895-A134-1348B1D6D899}.Debug|Any CPU.ActiveCfg = Debug|Any CPU
		{1E42E2CA-6617-4895-A134-1348B1D6D899}.Debug|Any CPU.Build.0 = Debug|Any CPU
		{1E42E2CA-6617-4895-A134-1348B1D6D899}.Debug|arm64.ActiveCfg = Debug|Any CPU
		{1E42E2CA-6617-4895-A134-1348B1D6D899}.Debug|arm64.Build.0 = Debug|Any CPU
		{1E42E2CA-6617-4895-A134-1348B1D6D899}.Debug|x64.ActiveCfg = Debug|Any CPU
		{1E42E2CA-6617-4895-A134-1348B1D6D899}.Debug|x64.Build.0 = Debug|Any CPU
		{1E42E2CA-6617-4895-A134-1348B1D6D899}.Debug|x86.ActiveCfg = Debug|Any CPU
		{1E42E2CA-6617-4895-A134-1348B1D6D899}.Debug|x86.Build.0 = Debug|Any CPU
		{1E42E2CA-6617-4895-A134-1348B1D6D899}.Release|Any CPU.ActiveCfg = Release|Any CPU
		{1E42E2CA-6617-4895-A134-1348B1D6D899}.Release|Any CPU.Build.0 = Release|Any CPU
		{1E42E2CA-6617-4895-A134-1348B1D6D899}.Release|arm64.ActiveCfg = Release|Any CPU
		{1E42E2CA-6617-4895-A134-1348B1D6D899}.Release|arm64.Build.0 = Release|Any CPU
		{1E42E2CA-6617-4895-A134-1348B1D6D899}.Release|x64.ActiveCfg = Release|Any CPU
		{1E42E2CA-6617-4895-A134-1348B1D6D899}.Release|x64.Build.0 = Release|Any CPU
		{1E42E2CA-6617-4895-A134-1348B1D6D899}.Release|x86.ActiveCfg = Release|Any CPU
		{1E42E2CA-6617-4895-A134-1348B1D6D899}.Release|x86.Build.0 = Release|Any CPU
		{B04EF415-F8A4-4115-A424-E031D31A267A}.Debug|Any CPU.ActiveCfg = Debug|Any CPU
		{B04EF415-F8A4-4115-A424-E031D31A267A}.Debug|Any CPU.Build.0 = Debug|Any CPU
		{B04EF415-F8A4-4115-A424-E031D31A267A}.Debug|arm64.ActiveCfg = Debug|Any CPU
		{B04EF415-F8A4-4115-A424-E031D31A267A}.Debug|arm64.Build.0 = Debug|Any CPU
		{B04EF415-F8A4-4115-A424-E031D31A267A}.Debug|x64.ActiveCfg = Debug|Any CPU
		{B04EF415-F8A4-4115-A424-E031D31A267A}.Debug|x64.Build.0 = Debug|Any CPU
		{B04EF415-F8A4-4115-A424-E031D31A267A}.Debug|x86.ActiveCfg = Debug|Any CPU
		{B04EF415-F8A4-4115-A424-E031D31A267A}.Debug|x86.Build.0 = Debug|Any CPU
		{B04EF415-F8A4-4115-A424-E031D31A267A}.Release|Any CPU.ActiveCfg = Release|Any CPU
		{B04EF415-F8A4-4115-A424-E031D31A267A}.Release|Any CPU.Build.0 = Release|Any CPU
		{B04EF415-F8A4-4115-A424-E031D31A267A}.Release|arm64.ActiveCfg = Release|Any CPU
		{B04EF415-F8A4-4115-A424-E031D31A267A}.Release|arm64.Build.0 = Release|Any CPU
		{B04EF415-F8A4-4115-A424-E031D31A267A}.Release|x64.ActiveCfg = Release|Any CPU
		{B04EF415-F8A4-4115-A424-E031D31A267A}.Release|x64.Build.0 = Release|Any CPU
		{B04EF415-F8A4-4115-A424-E031D31A267A}.Release|x86.ActiveCfg = Release|Any CPU
		{B04EF415-F8A4-4115-A424-E031D31A267A}.Release|x86.Build.0 = Release|Any CPU
		{4036BA0C-D3B2-48FA-A3D2-1230136F3471}.Debug|Any CPU.ActiveCfg = Debug|Any CPU
		{4036BA0C-D3B2-48FA-A3D2-1230136F3471}.Debug|Any CPU.Build.0 = Debug|Any CPU
		{4036BA0C-D3B2-48FA-A3D2-1230136F3471}.Debug|arm64.ActiveCfg = Debug|Any CPU
		{4036BA0C-D3B2-48FA-A3D2-1230136F3471}.Debug|arm64.Build.0 = Debug|Any CPU
		{4036BA0C-D3B2-48FA-A3D2-1230136F3471}.Debug|x64.ActiveCfg = Debug|Any CPU
		{4036BA0C-D3B2-48FA-A3D2-1230136F3471}.Debug|x64.Build.0 = Debug|Any CPU
		{4036BA0C-D3B2-48FA-A3D2-1230136F3471}.Debug|x86.ActiveCfg = Debug|Any CPU
		{4036BA0C-D3B2-48FA-A3D2-1230136F3471}.Debug|x86.Build.0 = Debug|Any CPU
		{4036BA0C-D3B2-48FA-A3D2-1230136F3471}.Release|Any CPU.ActiveCfg = Release|Any CPU
		{4036BA0C-D3B2-48FA-A3D2-1230136F3471}.Release|Any CPU.Build.0 = Release|Any CPU
		{4036BA0C-D3B2-48FA-A3D2-1230136F3471}.Release|arm64.ActiveCfg = Release|Any CPU
		{4036BA0C-D3B2-48FA-A3D2-1230136F3471}.Release|arm64.Build.0 = Release|Any CPU
		{4036BA0C-D3B2-48FA-A3D2-1230136F3471}.Release|x64.ActiveCfg = Release|Any CPU
		{4036BA0C-D3B2-48FA-A3D2-1230136F3471}.Release|x64.Build.0 = Release|Any CPU
		{4036BA0C-D3B2-48FA-A3D2-1230136F3471}.Release|x86.ActiveCfg = Release|Any CPU
		{4036BA0C-D3B2-48FA-A3D2-1230136F3471}.Release|x86.Build.0 = Release|Any CPU
	EndGlobalSection
	GlobalSection(SolutionProperties) = preSolution
		HideSolutionNode = FALSE
	EndGlobalSection
	GlobalSection(ExtensibilityGlobals) = postSolution
		SolutionGuid = {9FF784B2-21AA-4A44-9397-180ACBB88A50}
	EndGlobalSection
	GlobalSection(SharedMSBuildProjectFiles) = preSolution
		KafkaLens.UI\KafkaLens.UI.projitems*{6279c845-92f8-4333-ab99-3d213163593c}*SharedItemsImports = 13
	EndGlobalSection
EndGlobal
